
Microsoft Visual Studio Solution File, Format Version 12.00
# Visual Studio 15
VisualStudioVersion = 15.0.27428.2027
MinimumVisualStudioVersion = 10.0.40219.1
Project("{8BC9CEB8-8B4A-11D0-8D11-00A0C91BC942}") = "1. cout cin", "day 2\day 2.vcxproj", "{EB4BE157-CDFD-491B-9AF3-CDE1003A47B3}"
EndProject
Project("{8BC9CEB8-8B4A-11D0-8D11-00A0C91BC942}") = "2. namespace", "namespace\namespace.vcxproj", "{38502B02-767D-45E7-9039-19D93E212DE1}"
EndProject
Project("{8BC9CEB8-8B4A-11D0-8D11-00A0C91BC942}") = "3. FuncOverload", "FuncOverload\FuncOverload.vcxproj", "{64504EA6-1133-410C-8937-E1AAAD9007D7}"
EndProject
Global
	GlobalSection(SolutionConfigurationPlatforms) = preSolution
		Debug|x64 = Debug|x64
		Debug|x86 = Debug|x86
		Release|x64 = Release|x64
		Release|x86 = Release|x86
	EndGlobalSection
	GlobalSection(ProjectConfigurationPlatforms) = postSolution
		{EB4BE157-CDFD-491B-9AF3-CDE1003A47B3}.Debug|x64.ActiveCfg = Debug|x64
		{EB4BE157-CDFD-491B-9AF3-CDE1003A47B3}.Debug|x64.Build.0 = Debug|x64
		{EB4BE157-CDFD-491B-9AF3-CDE1003A47B3}.Debug|x86.ActiveCfg = Debug|Win32
		{EB4BE157-CDFD-491B-9AF3-CDE1003A47B3}.Debug|x86.Build.0 = Debug|Win32
		{EB4BE157-CDFD-491B-9AF3-CDE1003A47B3}.Release|x64.ActiveCfg = Release|x64
		{EB4BE157-CDFD-491B-9AF3-CDE1003A47B3}.Release|x64.Build.0 = Release|x64
		{EB4BE157-CDFD-491B-9AF3-CDE1003A47B3}.Release|x86.ActiveCfg = Release|Win32
		{EB4BE157-CDFD-491B-9AF3-CDE1003A47B3}.Release|x86.Build.0 = Release|Win32
		{38502B02-767D-45E7-9039-19D93E212DE1}.Debug|x64.ActiveCfg = Debug|x64
		{38502B02-767D-45E7-9039-19D93E212DE1}.Debug|x64.Build.0 = Debug|x64
		{38502B02-767D-45E7-9039-19D93E212DE1}.Debug|x86.ActiveCfg = Debug|Win32
		{38502B02-767D-45E7-9039-19D93E212DE1}.Debug|x86.Build.0 = Debug|Win32
		{38502B02-767D-45E7-9039-19D93E212DE1}.Release|x64.ActiveCfg = Release|x64
		{38502B02-767D-45E7-9039-19D93E212DE1}.Release|x64.Build.0 = Release|x64
		{38502B02-767D-45E7-9039-19D93E212DE1}.Release|x86.ActiveCfg = Release|Win32
		{38502B02-767D-45E7-9039-19D93E212DE1}.Release|x86.Build.0 = Release|Win32
		{64504EA6-1133-410C-8937-E1AAAD9007D7}.Debug|x64.ActiveCfg = Debug|x64
		{64504EA6-1133-410C-8937-E1AAAD9007D7}.Debug|x64.Build.0 = Debug|x64
		{64504EA6-1133-410C-8937-E1AAAD9007D7}.Debug|x86.ActiveCfg = Debug|Win32
		{64504EA6-1133-410C-8937-E1AAAD9007D7}.Debug|x86.Build.0 = Debug|Win32
		{64504EA6-1133-410C-8937-E1AAAD9007D7}.Release|x64.ActiveCfg = Release|x64
		{64504EA6-1133-410C-8937-E1AAAD9007D7}.Release|x64.Build.0 = Release|x64
		{64504EA6-1133-410C-8937-E1AAAD9007D7}.Release|x86.ActiveCfg = Release|Win32
		{64504EA6-1133-410C-8937-E1AAAD9007D7}.Release|x86.Build.0 = Release|Win32
	EndGlobalSection
	GlobalSection(SolutionProperties) = preSolution
		HideSolutionNode = FALSE
	EndGlobalSection
	GlobalSection(ExtensibilityGlobals) = postSolution
		SolutionGuid = {D4B14832-A4BC-4D48-BD85-002E9BA95A8A}
	EndGlobalSection
EndGlobal
