
Microsoft Visual Studio Solution File, Format Version 12.00
# Visual Studio 15
VisualStudioVersion = 15.0.27703.2000
MinimumVisualStudioVersion = 10.0.40219.1
Project("{8BC9CEB8-8B4A-11D0-8D11-00A0C91BC942}") = "MyFirstMFC", "MyFirstMFC.vcxproj", "{E1A7822C-D925-4889-BE34-4011948C6CDD}"
EndProject
Global
	GlobalSection(SolutionConfigurationPlatforms) = preSolution
		Debug|x64 = Debug|x64
		Debug|x86 = Debug|x86
		Release|x64 = Release|x64
		Release|x86 = Release|x86
	EndGlobalSection
	GlobalSection(ProjectConfigurationPlatforms) = postSolution
		{E1A7822C-D925-4889-BE34-4011948C6CDD}.Debug|x64.ActiveCfg = Debug|x64
		{E1A7822C-D925-4889-BE34-4011948C6CDD}.Debug|x64.Build.0 = Debug|x64
		{E1A7822C-D925-4889-BE34-4011948C6CDD}.Debug|x86.ActiveCfg = Debug|Win32
		{E1A7822C-D925-4889-BE34-4011948C6CDD}.Debug|x86.Build.0 = Debug|Win32
		{E1A7822C-D925-4889-BE34-4011948C6CDD}.Release|x64.ActiveCfg = Release|x64
		{E1A7822C-D925-4889-BE34-4011948C6CDD}.Release|x64.Build.0 = Release|x64
		{E1A7822C-D925-4889-BE34-4011948C6CDD}.Release|x86.ActiveCfg = Release|Win32
		{E1A7822C-D925-4889-BE34-4011948C6CDD}.Release|x86.Build.0 = Release|Win32
	EndGlobalSection
	GlobalSection(SolutionProperties) = preSolution
		HideSolutionNode = FALSE
	EndGlobalSection
	GlobalSection(ExtensibilityGlobals) = postSolution
		SolutionGuid = {4BB2DD41-3E53-4B44-BCD4-32F52C40B07D}
	EndGlobalSection
EndGlobal
