
Microsoft Visual Studio Solution File, Format Version 12.00
# Visual Studio 15
VisualStudioVersion = 15.0.27428.2027
MinimumVisualStudioVersion = 10.0.40219.1
Project("{8BC9CEB8-8B4A-11D0-8D11-00A0C91BC942}") = "1. BitMap", "BitMap\BitMap.vcxproj", "{ADBA09BD-4FEB-4D9A-B802-F2246974CFF5}"
EndProject
Project("{2150E333-8FDC-42A3-9474-1A3956D46DE8}") = "Solution Items", "Solution Items", "{E080FC7D-93B9-43BC-8BEB-CB07276C9C00}"
	ProjectSection(SolutionItems) = preProject
		비트맵 정보.txt = 비트맵 정보.txt
		비트맵.txt = 비트맵.txt
	EndProjectSection
EndProject
Project("{8BC9CEB8-8B4A-11D0-8D11-00A0C91BC942}") = "2. BitBlt", "BitBlt\BitBlt.vcxproj", "{18F80338-A56C-4384-8802-FDDC5F32F222}"
EndProject
Project("{8BC9CEB8-8B4A-11D0-8D11-00A0C91BC942}") = "3. BitmapRop", "BitmapRop\BitmapRop.vcxproj", "{6D751CFA-58AB-4265-BEE7-180E38DC7A72}"
EndProject
Project("{8BC9CEB8-8B4A-11D0-8D11-00A0C91BC942}") = "4. StretchBlt", "StretchBlt\StretchBlt.vcxproj", "{63A6022A-5266-42FD-8DE2-3F78F72D7090}"
EndProject
Project("{8BC9CEB8-8B4A-11D0-8D11-00A0C91BC942}") = "5. TransparentBlt", "TransparentBlt\TransparentBlt.vcxproj", "{C5D03DE2-54A3-4489-A20B-7BDBA75D0BA7}"
EndProject
Project("{8BC9CEB8-8B4A-11D0-8D11-00A0C91BC942}") = "6. DrawBitMap", "DrawBitMap\DrawBitMap.vcxproj", "{FFC9B491-96FB-4ADF-B3D0-026F9D19A47D}"
EndProject
Global
	GlobalSection(SolutionConfigurationPlatforms) = preSolution
		Debug|x64 = Debug|x64
		Debug|x86 = Debug|x86
		Release|x64 = Release|x64
		Release|x86 = Release|x86
	EndGlobalSection
	GlobalSection(ProjectConfigurationPlatforms) = postSolution
		{ADBA09BD-4FEB-4D9A-B802-F2246974CFF5}.Debug|x64.ActiveCfg = Debug|x64
		{ADBA09BD-4FEB-4D9A-B802-F2246974CFF5}.Debug|x64.Build.0 = Debug|x64
		{ADBA09BD-4FEB-4D9A-B802-F2246974CFF5}.Debug|x86.ActiveCfg = Debug|Win32
		{ADBA09BD-4FEB-4D9A-B802-F2246974CFF5}.Debug|x86.Build.0 = Debug|Win32
		{ADBA09BD-4FEB-4D9A-B802-F2246974CFF5}.Release|x64.ActiveCfg = Release|x64
		{ADBA09BD-4FEB-4D9A-B802-F2246974CFF5}.Release|x64.Build.0 = Release|x64
		{ADBA09BD-4FEB-4D9A-B802-F2246974CFF5}.Release|x86.ActiveCfg = Release|Win32
		{ADBA09BD-4FEB-4D9A-B802-F2246974CFF5}.Release|x86.Build.0 = Release|Win32
		{18F80338-A56C-4384-8802-FDDC5F32F222}.Debug|x64.ActiveCfg = Debug|Win32
		{18F80338-A56C-4384-8802-FDDC5F32F222}.Debug|x86.ActiveCfg = Debug|Win32
		{18F80338-A56C-4384-8802-FDDC5F32F222}.Debug|x86.Build.0 = Debug|Win32
		{18F80338-A56C-4384-8802-FDDC5F32F222}.Release|x64.ActiveCfg = Release|Win32
		{18F80338-A56C-4384-8802-FDDC5F32F222}.Release|x86.ActiveCfg = Release|Win32
		{18F80338-A56C-4384-8802-FDDC5F32F222}.Release|x86.Build.0 = Release|Win32
		{6D751CFA-58AB-4265-BEE7-180E38DC7A72}.Debug|x64.ActiveCfg = Debug|Win32
		{6D751CFA-58AB-4265-BEE7-180E38DC7A72}.Debug|x86.ActiveCfg = Debug|Win32
		{6D751CFA-58AB-4265-BEE7-180E38DC7A72}.Debug|x86.Build.0 = Debug|Win32
		{6D751CFA-58AB-4265-BEE7-180E38DC7A72}.Release|x64.ActiveCfg = Release|Win32
		{6D751CFA-58AB-4265-BEE7-180E38DC7A72}.Release|x86.ActiveCfg = Release|Win32
		{6D751CFA-58AB-4265-BEE7-180E38DC7A72}.Release|x86.Build.0 = Release|Win32
		{63A6022A-5266-42FD-8DE2-3F78F72D7090}.Debug|x64.ActiveCfg = Debug|Win32
		{63A6022A-5266-42FD-8DE2-3F78F72D7090}.Debug|x86.ActiveCfg = Debug|Win32
		{63A6022A-5266-42FD-8DE2-3F78F72D7090}.Debug|x86.Build.0 = Debug|Win32
		{63A6022A-5266-42FD-8DE2-3F78F72D7090}.Release|x64.ActiveCfg = Release|Win32
		{63A6022A-5266-42FD-8DE2-3F78F72D7090}.Release|x86.ActiveCfg = Release|Win32
		{63A6022A-5266-42FD-8DE2-3F78F72D7090}.Release|x86.Build.0 = Release|Win32
		{C5D03DE2-54A3-4489-A20B-7BDBA75D0BA7}.Debug|x64.ActiveCfg = Debug|Win32
		{C5D03DE2-54A3-4489-A20B-7BDBA75D0BA7}.Debug|x86.ActiveCfg = Debug|Win32
		{C5D03DE2-54A3-4489-A20B-7BDBA75D0BA7}.Debug|x86.Build.0 = Debug|Win32
		{C5D03DE2-54A3-4489-A20B-7BDBA75D0BA7}.Release|x64.ActiveCfg = Release|Win32
		{C5D03DE2-54A3-4489-A20B-7BDBA75D0BA7}.Release|x86.ActiveCfg = Release|Win32
		{C5D03DE2-54A3-4489-A20B-7BDBA75D0BA7}.Release|x86.Build.0 = Release|Win32
		{FFC9B491-96FB-4ADF-B3D0-026F9D19A47D}.Debug|x64.ActiveCfg = Debug|x64
		{FFC9B491-96FB-4ADF-B3D0-026F9D19A47D}.Debug|x64.Build.0 = Debug|x64
		{FFC9B491-96FB-4ADF-B3D0-026F9D19A47D}.Debug|x86.ActiveCfg = Debug|Win32
		{FFC9B491-96FB-4ADF-B3D0-026F9D19A47D}.Debug|x86.Build.0 = Debug|Win32
		{FFC9B491-96FB-4ADF-B3D0-026F9D19A47D}.Release|x64.ActiveCfg = Release|x64
		{FFC9B491-96FB-4ADF-B3D0-026F9D19A47D}.Release|x64.Build.0 = Release|x64
		{FFC9B491-96FB-4ADF-B3D0-026F9D19A47D}.Release|x86.ActiveCfg = Release|Win32
		{FFC9B491-96FB-4ADF-B3D0-026F9D19A47D}.Release|x86.Build.0 = Release|Win32
	EndGlobalSection
	GlobalSection(SolutionProperties) = preSolution
		HideSolutionNode = FALSE
	EndGlobalSection
	GlobalSection(ExtensibilityGlobals) = postSolution
		SolutionGuid = {C4323DD9-4909-4CC8-B7F0-78C48F6633FC}
	EndGlobalSection
EndGlobal
