
Microsoft Visual Studio Solution File, Format Version 12.00
# Visual Studio 15
VisualStudioVersion = 15.0.27703.2000
MinimumVisualStudioVersion = 10.0.40219.1
Project("{8BC9CEB8-8B4A-11D0-8D11-00A0C91BC942}") = "1. UniTest1", "UniTest1\UniTest1.vcxproj", "{7275BF3F-B193-4B49-8E05-C30F17B33A79}"
EndProject
Project("{8BC9CEB8-8B4A-11D0-8D11-00A0C91BC942}") = "2. UniTest2", "UniTest2\UniTest2.vcxproj", "{D58388EB-AF74-4FD2-84A3-AEEE82F97B9E}"
EndProject
Project("{2150E333-8FDC-42A3-9474-1A3956D46DE8}") = "Solution Items", "Solution Items", "{9EDCE482-FA2C-458D-995A-A99D3401BB09}"
	ProjectSection(SolutionItems) = preProject
		유니코드.txt = 유니코드.txt
	EndProjectSection
EndProject
Global
	GlobalSection(SolutionConfigurationPlatforms) = preSolution
		Debug|x86 = Debug|x86
		Release|x86 = Release|x86
	EndGlobalSection
	GlobalSection(ProjectConfigurationPlatforms) = postSolution
		{7275BF3F-B193-4B49-8E05-C30F17B33A79}.Debug|x86.ActiveCfg = Debug|Win32
		{7275BF3F-B193-4B49-8E05-C30F17B33A79}.Debug|x86.Build.0 = Debug|Win32
		{7275BF3F-B193-4B49-8E05-C30F17B33A79}.Release|x86.ActiveCfg = Release|Win32
		{7275BF3F-B193-4B49-8E05-C30F17B33A79}.Release|x86.Build.0 = Release|Win32
		{D58388EB-AF74-4FD2-84A3-AEEE82F97B9E}.Debug|x86.ActiveCfg = Debug|Win32
		{D58388EB-AF74-4FD2-84A3-AEEE82F97B9E}.Debug|x86.Build.0 = Debug|Win32
		{D58388EB-AF74-4FD2-84A3-AEEE82F97B9E}.Release|x86.ActiveCfg = Release|Win32
		{D58388EB-AF74-4FD2-84A3-AEEE82F97B9E}.Release|x86.Build.0 = Release|Win32
	EndGlobalSection
	GlobalSection(SolutionProperties) = preSolution
		HideSolutionNode = FALSE
	EndGlobalSection
	GlobalSection(ExtensibilityGlobals) = postSolution
		SolutionGuid = {6C98C735-40C0-4CAF-A247-A599EE179F76}
	EndGlobalSection
EndGlobal
