<?xml version="1.0" encoding="utf-8"?>
<Project ToolsVersion="4.0" xmlns="http://schemas.microsoft.com/developer/msbuild/2003">
  <ItemGroup>
    <Filter Include="Source Files">
      <UniqueIdentifier>{264534ab-2bb9-4a43-aa39-a643c8fecce9}</UniqueIdentifier>
      <Extensions>cpp;c;cxx;rc;def;r;odl;idl;hpj;bat</Extensions>
    </Filter>
    <Filter Include="Header Files">
      <UniqueIdentifier>{08314d8d-0a52-48cc-b3d6-a3593b607326}</UniqueIdentifier>
      <Extensions>h;hpp;hxx;hm;inl</Extensions>
    </Filter>
    <Filter Include="Resource Files">
      <UniqueIdentifier>{82035770-856b-4a86-8a94-ff7d601fa775}</UniqueIdentifier>
      <Extensions>ico;cur;bmp;dlg;rc2;rct;bin;rgs;gif;jpg;jpeg;jpe</Extensions>
    </Filter>
  </ItemGroup>
  <ItemGroup>
    <ClCompile Include="AddressBook.cpp">
      <Filter>Source Files</Filter>
    </ClCompile>
    <ClCompile Include="AddressBookApp.cpp">
      <Filter>Source Files</Filter>
    </ClCompile>
    <ClCompile Include="FindingForm.cpp">
      <Filter>Source Files</Filter>
    </ClCompile>
    <ClCompile Include="Personal.cpp">
      <Filter>Source Files</Filter>
    </ClCompile>
    <ClCompile Include="UpdatingForm.cpp">
      <Filter>Source Files</Filter>
    </ClCompile>
  </ItemGroup>
  <ItemGroup>
    <ResourceCompile Include="AddressBook.rc">
      <Filter>Source Files</Filter>
    </ResourceCompile>
  </ItemGroup>
  <ItemGroup>
    <ClInclude Include="AddressBook.h">
      <Filter>Header Files</Filter>
    </ClInclude>
    <ClInclude Include="AddressBookApp.h">
      <Filter>Header Files</Filter>
    </ClInclude>
    <ClInclude Include="Array.h">
      <Filter>Header Files</Filter>
    </ClInclude>
    <ClInclude Include="FindingForm.h">
      <Filter>Header Files</Filter>
    </ClInclude>
    <ClInclude Include="Personal.h">
      <Filter>Header Files</Filter>
    </ClInclude>
    <ClInclude Include="resource.h">
      <Filter>Header Files</Filter>
    </ClInclude>
    <ClInclude Include="UpdatingForm.h">
      <Filter>Header Files</Filter>
    </ClInclude>
  </ItemGroup>
</Project>