
Microsoft Visual Studio Solution File, Format Version 12.00
# Visual Studio 15
VisualStudioVersion = 15.0.27428.2027
MinimumVisualStudioVersion = 10.0.40219.1
Project("{8BC9CEB8-8B4A-11D0-8D11-00A0C91BC942}") = "FirstExample", "FirstExample\FirstExample.vcxproj", "{A7BF989A-57A7-421E-9EFD-B3F76E396AB0}"
EndProject
Project("{8BC9CEB8-8B4A-11D0-8D11-00A0C91BC942}") = "DefaultWinAPI32", "DefaultWinAPI32\DefaultWinAPI32.vcxproj", "{19770403-1ED9-4699-B027-7E0765E68281}"
EndProject
Global
	GlobalSection(SolutionConfigurationPlatforms) = preSolution
		Debug|Win32 = Debug|Win32
		Debug|x64 = Debug|x64
		Release|Win32 = Release|Win32
		Release|x64 = Release|x64
	EndGlobalSection
	GlobalSection(ProjectConfigurationPlatforms) = postSolution
		{A7BF989A-57A7-421E-9EFD-B3F76E396AB0}.Debug|Win32.ActiveCfg = Debug|Win32
		{A7BF989A-57A7-421E-9EFD-B3F76E396AB0}.Debug|Win32.Build.0 = Debug|Win32
		{A7BF989A-57A7-421E-9EFD-B3F76E396AB0}.Debug|x64.ActiveCfg = Debug|x64
		{A7BF989A-57A7-421E-9EFD-B3F76E396AB0}.Debug|x64.Build.0 = Debug|x64
		{A7BF989A-57A7-421E-9EFD-B3F76E396AB0}.Release|Win32.ActiveCfg = Release|Win32
		{A7BF989A-57A7-421E-9EFD-B3F76E396AB0}.Release|Win32.Build.0 = Release|Win32
		{A7BF989A-57A7-421E-9EFD-B3F76E396AB0}.Release|x64.ActiveCfg = Release|x64
		{A7BF989A-57A7-421E-9EFD-B3F76E396AB0}.Release|x64.Build.0 = Release|x64
		{19770403-1ED9-4699-B027-7E0765E68281}.Debug|Win32.ActiveCfg = Debug|Win32
		{19770403-1ED9-4699-B027-7E0765E68281}.Debug|Win32.Build.0 = Debug|Win32
		{19770403-1ED9-4699-B027-7E0765E68281}.Debug|x64.ActiveCfg = Debug|x64
		{19770403-1ED9-4699-B027-7E0765E68281}.Debug|x64.Build.0 = Debug|x64
		{19770403-1ED9-4699-B027-7E0765E68281}.Release|Win32.ActiveCfg = Release|Win32
		{19770403-1ED9-4699-B027-7E0765E68281}.Release|Win32.Build.0 = Release|Win32
		{19770403-1ED9-4699-B027-7E0765E68281}.Release|x64.ActiveCfg = Release|x64
		{19770403-1ED9-4699-B027-7E0765E68281}.Release|x64.Build.0 = Release|x64
	EndGlobalSection
	GlobalSection(SolutionProperties) = preSolution
		HideSolutionNode = FALSE
	EndGlobalSection
	GlobalSection(ExtensibilityGlobals) = postSolution
		SolutionGuid = {D9156832-688A-45AB-BC1A-74259F331A94}
	EndGlobalSection
EndGlobal
