
Microsoft Visual Studio Solution File, Format Version 9.00
# Visual Studio 2005
Project("{8BC9CEB8-8B4A-11D0-8D11-00A0C91BC942}") = "Registry", "Registry.vcproj", "{A2420346-25EE-4664-BD34-E1B63365FA78}"
EndProject
Global
	GlobalSection(SolutionConfigurationPlatforms) = preSolution
		Debug|Win32 = Debug|Win32
		Release|Win32 = Release|Win32
	EndGlobalSection
	GlobalSection(ProjectConfigurationPlatforms) = postSolution
		{A2420346-25EE-4664-BD34-E1B63365FA78}.Debug|Win32.ActiveCfg = Debug|Win32
		{A2420346-25EE-4664-BD34-E1B63365FA78}.Debug|Win32.Build.0 = Debug|Win32
		{A2420346-25EE-4664-BD34-E1B63365FA78}.Release|Win32.ActiveCfg = Release|Win32
		{A2420346-25EE-4664-BD34-E1B63365FA78}.Release|Win32.Build.0 = Release|Win32
	EndGlobalSection
	GlobalSection(SolutionProperties) = preSolution
		HideSolutionNode = FALSE
	EndGlobalSection
EndGlobal
