<?xml version="1.0" encoding="utf-8"?>
<Project ToolsVersion="4.0" xmlns="http://schemas.microsoft.com/developer/msbuild/2003">
  <ItemGroup>
    <Filter Include="소스 파일">
      <UniqueIdentifier>{4FC737F1-C7A5-4376-A066-2A32D752A2FF}</UniqueIdentifier>
      <Extensions>cpp;c;cc;cxx;def;odl;idl;hpj;bat;asm;asmx</Extensions>
    </Filter>
    <Filter Include="소스 파일\Manager">
      <UniqueIdentifier>{3d482408-2c6d-4918-a6bc-74e0b9f74a04}</UniqueIdentifier>
    </Filter>
    <Filter Include="리소스 파일">
      <UniqueIdentifier>{67DA6AB6-F800-4c08-8B7A-83BB121AAD01}</UniqueIdentifier>
      <Extensions>rc;ico;cur;bmp;dlg;rc2;rct;bin;rgs;gif;jpg;jpeg;jpe;resx;tiff;tif;png;wav</Extensions>
    </Filter>
  </ItemGroup>
  <ItemGroup>
    <ClInclude Include="PreDef_UT.h">
      <Filter>소스 파일</Filter>
    </ClInclude>
    <ClInclude Include="PUtCommon.h">
      <Filter>소스 파일</Filter>
    </ClInclude>
    <ClInclude Include="PUtCommonFPath.h">
      <Filter>소스 파일</Filter>
    </ClInclude>
    <ClInclude Include="PUtCommonStr.h">
      <Filter>소스 파일</Filter>
    </ClInclude>
    <ClInclude Include="PUTCommonVerIntegrate.h">
      <Filter>소스 파일</Filter>
    </ClInclude>
    <ClInclude Include="PUtCypher.h">
      <Filter>소스 파일</Filter>
    </ClInclude>
    <ClInclude Include="PUtFile.h">
      <Filter>소스 파일</Filter>
    </ClInclude>
    <ClInclude Include="PUtFileBase.h">
      <Filter>소스 파일</Filter>
    </ClInclude>
    <ClInclude Include="PUtFrameSkip.h">
      <Filter>소스 파일</Filter>
    </ClInclude>
    <ClInclude Include="PUtLog.h">
      <Filter>소스 파일</Filter>
    </ClInclude>
    <ClInclude Include="PUtSingleton.h">
      <Filter>소스 파일</Filter>
    </ClInclude>
    <ClInclude Include="PUtTimer.h">
      <Filter>소스 파일</Filter>
    </ClInclude>
    <ClInclude Include="PUtTimerEx.h">
      <Filter>소스 파일</Filter>
    </ClInclude>
    <ClInclude Include="PUtListMgr.h">
      <Filter>소스 파일\Manager</Filter>
    </ClInclude>
    <ClInclude Include="PUtListMgr.hpp">
      <Filter>소스 파일\Manager</Filter>
    </ClInclude>
    <ClInclude Include="PUtVecMgr.h">
      <Filter>소스 파일\Manager</Filter>
    </ClInclude>
    <ClInclude Include="PUtVecMgr.hpp">
      <Filter>소스 파일\Manager</Filter>
    </ClInclude>
    <ClInclude Include="stdafx.h">
      <Filter>리소스 파일</Filter>
    </ClInclude>
    <ClInclude Include="targetver.h">
      <Filter>리소스 파일</Filter>
    </ClInclude>
  </ItemGroup>
  <ItemGroup>
    <ClCompile Include="PUtCommon.cpp">
      <Filter>소스 파일</Filter>
    </ClCompile>
    <ClCompile Include="PUtCommonFPath.cpp">
      <Filter>소스 파일</Filter>
    </ClCompile>
    <ClCompile Include="PUtCommonStr.cpp">
      <Filter>소스 파일</Filter>
    </ClCompile>
    <ClCompile Include="PUTCommonVerIntegrate.cpp">
      <Filter>소스 파일</Filter>
    </ClCompile>
    <ClCompile Include="PUtCypher.cpp">
      <Filter>소스 파일</Filter>
    </ClCompile>
    <ClCompile Include="PUtFile.cpp">
      <Filter>소스 파일</Filter>
    </ClCompile>
    <ClCompile Include="PUtFileBase.cpp">
      <Filter>소스 파일</Filter>
    </ClCompile>
    <ClCompile Include="PUtFrameSkip.cpp">
      <Filter>소스 파일</Filter>
    </ClCompile>
    <ClCompile Include="PUtLog.cpp">
      <Filter>소스 파일</Filter>
    </ClCompile>
    <ClCompile Include="PUtTimer.cpp">
      <Filter>소스 파일</Filter>
    </ClCompile>
    <ClCompile Include="PUtTimerEx.cpp">
      <Filter>소스 파일</Filter>
    </ClCompile>
    <ClCompile Include="stdafx.cpp">
      <Filter>리소스 파일</Filter>
    </ClCompile>
  </ItemGroup>
  <ItemGroup>
    <Text Include="ReadMe.txt">
      <Filter>리소스 파일</Filter>
    </Text>
  </ItemGroup>
</Project>