
Microsoft Visual Studio Solution File, Format Version 12.00
# Visual Studio 15
Project("{FAE04EC0-301F-11D3-BF4B-00C04F79EFBC}") = "Simple HnS", "Simple HnS.csproj", "{7428D67E-2315-7A32-9B2C-623B744477B5}"
EndProject
Global
	GlobalSection(SolutionConfigurationPlatforms) = preSolution
		Debug|Any CPU = Debug|Any CPU
		Release|Any CPU = Release|Any CPU
	EndGlobalSection
	GlobalSection(ProjectConfigurationPlatforms) = postSolution
		{7428D67E-2315-7A32-9B2C-623B744477B5}.Debug|Any CPU.ActiveCfg = Debug|Any CPU
		{7428D67E-2315-7A32-9B2C-623B744477B5}.Debug|Any CPU.Build.0 = Debug|Any CPU
		{7428D67E-2315-7A32-9B2C-623B744477B5}.Release|Any CPU.ActiveCfg = Release|Any CPU
		{7428D67E-2315-7A32-9B2C-623B744477B5}.Release|Any CPU.Build.0 = Release|Any CPU
	EndGlobalSection
	GlobalSection(SolutionProperties) = preSolution
		HideSolutionNode = FALSE
	EndGlobalSection
EndGlobal
