<?xml version="1.0" encoding="utf-8"?>
<Project ToolsVersion="4.0" xmlns="http://schemas.microsoft.com/developer/msbuild/2003">
  <ItemGroup>
    <Filter Include="Source Files">
      <UniqueIdentifier>{a9f2ca21-ef25-488f-84e9-0ab25e0533f8}</UniqueIdentifier>
      <Extensions>cpp;c;cxx;rc;def;r;odl;idl;hpj;bat</Extensions>
    </Filter>
    <Filter Include="Header Files">
      <UniqueIdentifier>{0b27b319-77ef-4337-a865-3bd45e339c14}</UniqueIdentifier>
      <Extensions>h;hpp;hxx;hm;inl</Extensions>
    </Filter>
    <Filter Include="Resource Files">
      <UniqueIdentifier>{9fba709a-1b54-4995-bc8b-85dc396eb805}</UniqueIdentifier>
      <Extensions>ico;cur;bmp;dlg;rc2;rct;bin;rgs;gif;jpg;jpeg;jpe</Extensions>
    </Filter>
  </ItemGroup>
  <ItemGroup>
    <ClCompile Include="D3DApp.cpp">
      <Filter>Source Files</Filter>
    </ClCompile>
    <ClCompile Include="LcInput.cpp">
      <Filter>Source Files</Filter>
    </ClCompile>
    <ClCompile Include="LcSprite.cpp">
      <Filter>Source Files</Filter>
    </ClCompile>
    <ClCompile Include="LcTexture.cpp">
      <Filter>Source Files</Filter>
    </ClCompile>
    <ClCompile Include="Main.cpp">
      <Filter>Source Files</Filter>
    </ClCompile>
    <ClCompile Include="McUtil.cpp">
      <Filter>Source Files</Filter>
    </ClCompile>
    <ClCompile Include="SpAdv.cpp">
      <Filter>Source Files</Filter>
    </ClCompile>
  </ItemGroup>
  <ItemGroup>
    <ResourceCompile Include="SpAdv.rc">
      <Filter>Source Files</Filter>
    </ResourceCompile>
  </ItemGroup>
  <ItemGroup>
    <ClInclude Include="_StdAfx.h">
      <Filter>Header Files</Filter>
    </ClInclude>
    <ClInclude Include="D3DApp.h">
      <Filter>Header Files</Filter>
    </ClInclude>
    <ClInclude Include="LcInput.h">
      <Filter>Header Files</Filter>
    </ClInclude>
    <ClInclude Include="LcSprite.h">
      <Filter>Header Files</Filter>
    </ClInclude>
    <ClInclude Include="LcTexture.h">
      <Filter>Header Files</Filter>
    </ClInclude>
    <ClInclude Include="Main.h">
      <Filter>Header Files</Filter>
    </ClInclude>
    <ClInclude Include="McUtil.h">
      <Filter>Header Files</Filter>
    </ClInclude>
    <ClInclude Include="resource.h">
      <Filter>Header Files</Filter>
    </ClInclude>
  </ItemGroup>
</Project>