<?xml version="1.0" encoding="utf-8"?>
<Project ToolsVersion="4.0" xmlns="http://schemas.microsoft.com/developer/msbuild/2003">
  <ItemGroup>
    <Filter Include="리소스 파일">
      <UniqueIdentifier>{67DA6AB6-F800-4c08-8B7A-83BB121AAD01}</UniqueIdentifier>
      <Extensions>rc;ico;cur;bmp;dlg;rc2;rct;bin;rgs;gif;jpg;jpeg;jpe;resx;tiff;tif;png;wav;mfcribbon-ms</Extensions>
    </Filter>
    <Filter Include="MyGame">
      <UniqueIdentifier>{1f938826-633d-40b3-9b60-3a4c4a213644}</UniqueIdentifier>
    </Filter>
    <Filter Include="Core">
      <UniqueIdentifier>{4FC737F1-C7A5-4376-A066-2A32D752A2FF}</UniqueIdentifier>
      <Extensions>cpp;c;cc;cxx;def;odl;idl;hpj;bat;asm;asmx</Extensions>
    </Filter>
    <Filter Include="Core\Global">
      <UniqueIdentifier>{93995380-89BD-4b04-88EB-625FBE52EBFB}</UniqueIdentifier>
      <Extensions>h;hh;hpp;hxx;hm;inl;inc;ipp;xsd</Extensions>
    </Filter>
    <Filter Include="Core\DxCore">
      <UniqueIdentifier>{629c602c-bd7a-44a6-b80e-7da1c1a90425}</UniqueIdentifier>
    </Filter>
    <Filter Include="Core\DxCore\Font">
      <UniqueIdentifier>{0611321b-2a50-40cb-8b97-be6002284571}</UniqueIdentifier>
    </Filter>
    <Filter Include="Core\DxCore\Texture">
      <UniqueIdentifier>{25480e13-3d07-496e-a339-107919fc94b1}</UniqueIdentifier>
    </Filter>
    <Filter Include="Core\Etc">
      <UniqueIdentifier>{7ef44c8b-2054-472e-a41f-2ad85a1ea4c7}</UniqueIdentifier>
    </Filter>
    <Filter Include="Core\DxCore\Sprite">
      <UniqueIdentifier>{bf10790f-a4b5-4491-90dd-a1b7c604ee2c}</UniqueIdentifier>
    </Filter>
    <Filter Include="Core\DxCore\Camera">
      <UniqueIdentifier>{24e0bb5b-bc11-40fd-9061-84bcfbab2704}</UniqueIdentifier>
    </Filter>
  </ItemGroup>
  <ItemGroup>
    <ClInclude Include="Util.h">
      <Filter>Core\Global</Filter>
    </ClInclude>
    <ClInclude Include="CMyGame.h">
      <Filter>MyGame</Filter>
    </ClInclude>
    <ClInclude Include="CDxTexture.h">
      <Filter>Core\DxCore\Texture</Filter>
    </ClInclude>
    <ClInclude Include="CDxFont.h">
      <Filter>Core\DxCore\Font</Filter>
    </ClInclude>
    <ClInclude Include="CDxCore.h">
      <Filter>Core\DxCore</Filter>
    </ClInclude>
    <ClInclude Include="CInputManager.h">
      <Filter>Core\Etc</Filter>
    </ClInclude>
    <ClInclude Include="Global.h">
      <Filter>Core\Global</Filter>
    </ClInclude>
    <ClInclude Include="CDxSprite.h">
      <Filter>Core\DxCore\Sprite</Filter>
    </ClInclude>
    <ClInclude Include="resource.h">
      <Filter>Core\Global</Filter>
    </ClInclude>
    <ClInclude Include="CDxCamera.h">
      <Filter>Core\DxCore\Camera</Filter>
    </ClInclude>
    <ClInclude Include="McGrid.h">
      <Filter>Core\Etc</Filter>
    </ClInclude>
  </ItemGroup>
  <ItemGroup>
    <ClCompile Include="CMyGame.cpp">
      <Filter>MyGame</Filter>
    </ClCompile>
    <ClCompile Include="WinMain.cpp">
      <Filter>MyGame</Filter>
    </ClCompile>
    <ClCompile Include="CDxTexture.cpp">
      <Filter>Core\DxCore\Texture</Filter>
    </ClCompile>
    <ClCompile Include="CDxFont.cpp">
      <Filter>Core\DxCore\Font</Filter>
    </ClCompile>
    <ClCompile Include="CDxCore.cpp">
      <Filter>Core\DxCore</Filter>
    </ClCompile>
    <ClCompile Include="CInputManager.cpp">
      <Filter>Core\Etc</Filter>
    </ClCompile>
    <ClCompile Include="CDxSprite.cpp">
      <Filter>Core\DxCore\Sprite</Filter>
    </ClCompile>
    <ClCompile Include="CDxCamera.cpp">
      <Filter>Core\DxCore\Camera</Filter>
    </ClCompile>
    <ClCompile Include="McGrid.cpp">
      <Filter>Core\Etc</Filter>
    </ClCompile>
  </ItemGroup>
  <ItemGroup>
    <ResourceCompile Include="MyEngine.rc">
      <Filter>리소스 파일</Filter>
    </ResourceCompile>
  </ItemGroup>
</Project>