
Microsoft Visual Studio Solution File, Format Version 11.00
# Visual C++ Express 2010
Project("{8BC9CEB8-8B4A-11D0-8D11-00A0C91BC942}") = "Day04", "Day04\Day04.vcxproj", "{8AA1BB4F-503E-4F1B-8FAB-2F25346784BA}"
EndProject
Project("{8BC9CEB8-8B4A-11D0-8D11-00A0C91BC942}") = "Day05", "Day05\Day05.vcxproj", "{3A04A191-D90E-4043-A429-09DE8898397E}"
EndProject
Project("{8BC9CEB8-8B4A-11D0-8D11-00A0C91BC942}") = "Day06", "Day06\Day06.vcxproj", "{2912264A-7555-4815-9EA4-AA190D2BCE13}"
EndProject
Project("{8BC9CEB8-8B4A-11D0-8D11-00A0C91BC942}") = "Day09", "Day09\Day09.vcxproj", "{A137E8E1-F3E1-4BA4-A2D1-6D15EAAE6F2C}"
EndProject
Project("{8BC9CEB8-8B4A-11D0-8D11-00A0C91BC942}") = "Day10", "Day10\Day10.vcxproj", "{61BE5574-B1AD-47F0-8110-F6A56FB129A6}"
EndProject
Project("{8BC9CEB8-8B4A-11D0-8D11-00A0C91BC942}") = "Day11", "Day11\Day11.vcxproj", "{168CF31D-24A1-4ABF-B566-8D2B80FECF70}"
EndProject
Project("{8BC9CEB8-8B4A-11D0-8D11-00A0C91BC942}") = "Day12", "Day12\Day12.vcxproj", "{61745652-056C-42A7-8EBF-C32F5DB46574}"
EndProject
Project("{8BC9CEB8-8B4A-11D0-8D11-00A0C91BC942}") = "Day13", "Day13\Day13.vcxproj", "{3EDC23CE-8D1D-4B44-9AE1-D083162BBFED}"
EndProject
Project("{8BC9CEB8-8B4A-11D0-8D11-00A0C91BC942}") = "Day14", "Day14\Day14.vcxproj", "{3F7BFED1-BA36-4A92-9CB1-406FDF3B2220}"
EndProject
Project("{8BC9CEB8-8B4A-11D0-8D11-00A0C91BC942}") = "Day15", "Day15\Day15.vcxproj", "{EC17D3DD-AFB9-4E25-829D-7E2EF3205947}"
EndProject
Project("{8BC9CEB8-8B4A-11D0-8D11-00A0C91BC942}") = "Day16", "Day16\Day16.vcxproj", "{6821055A-A9ED-4AFC-987F-F5BE868C56EF}"
EndProject
Project("{8BC9CEB8-8B4A-11D0-8D11-00A0C91BC942}") = "Day17", "Day17\Day17.vcxproj", "{D63D7471-FB97-4C42-BC8C-49D6A328677A}"
EndProject
Project("{8BC9CEB8-8B4A-11D0-8D11-00A0C91BC942}") = "Day18", "Day18\Day18.vcxproj", "{D2339DB7-7F34-40C9-8BA9-FA4129D651DA}"
EndProject
Project("{8BC9CEB8-8B4A-11D0-8D11-00A0C91BC942}") = "Day19", "Day19\Day19.vcxproj", "{D0377591-A61E-4945-BC3F-356B8408643B}"
EndProject
Global
	GlobalSection(SolutionConfigurationPlatforms) = preSolution
		Debug|Win32 = Debug|Win32
		Release|Win32 = Release|Win32
	EndGlobalSection
	GlobalSection(ProjectConfigurationPlatforms) = postSolution
		{8AA1BB4F-503E-4F1B-8FAB-2F25346784BA}.Debug|Win32.ActiveCfg = Debug|Win32
		{8AA1BB4F-503E-4F1B-8FAB-2F25346784BA}.Debug|Win32.Build.0 = Debug|Win32
		{8AA1BB4F-503E-4F1B-8FAB-2F25346784BA}.Release|Win32.ActiveCfg = Release|Win32
		{8AA1BB4F-503E-4F1B-8FAB-2F25346784BA}.Release|Win32.Build.0 = Release|Win32
		{3A04A191-D90E-4043-A429-09DE8898397E}.Debug|Win32.ActiveCfg = Debug|Win32
		{3A04A191-D90E-4043-A429-09DE8898397E}.Debug|Win32.Build.0 = Debug|Win32
		{3A04A191-D90E-4043-A429-09DE8898397E}.Release|Win32.ActiveCfg = Release|Win32
		{3A04A191-D90E-4043-A429-09DE8898397E}.Release|Win32.Build.0 = Release|Win32
		{2912264A-7555-4815-9EA4-AA190D2BCE13}.Debug|Win32.ActiveCfg = Debug|Win32
		{2912264A-7555-4815-9EA4-AA190D2BCE13}.Debug|Win32.Build.0 = Debug|Win32
		{2912264A-7555-4815-9EA4-AA190D2BCE13}.Release|Win32.ActiveCfg = Release|Win32
		{2912264A-7555-4815-9EA4-AA190D2BCE13}.Release|Win32.Build.0 = Release|Win32
		{A137E8E1-F3E1-4BA4-A2D1-6D15EAAE6F2C}.Debug|Win32.ActiveCfg = Debug|Win32
		{A137E8E1-F3E1-4BA4-A2D1-6D15EAAE6F2C}.Debug|Win32.Build.0 = Debug|Win32
		{A137E8E1-F3E1-4BA4-A2D1-6D15EAAE6F2C}.Release|Win32.ActiveCfg = Release|Win32
		{A137E8E1-F3E1-4BA4-A2D1-6D15EAAE6F2C}.Release|Win32.Build.0 = Release|Win32
		{61BE5574-B1AD-47F0-8110-F6A56FB129A6}.Debug|Win32.ActiveCfg = Debug|Win32
		{61BE5574-B1AD-47F0-8110-F6A56FB129A6}.Debug|Win32.Build.0 = Debug|Win32
		{61BE5574-B1AD-47F0-8110-F6A56FB129A6}.Release|Win32.ActiveCfg = Release|Win32
		{61BE5574-B1AD-47F0-8110-F6A56FB129A6}.Release|Win32.Build.0 = Release|Win32
		{168CF31D-24A1-4ABF-B566-8D2B80FECF70}.Debug|Win32.ActiveCfg = Debug|Win32
		{168CF31D-24A1-4ABF-B566-8D2B80FECF70}.Debug|Win32.Build.0 = Debug|Win32
		{168CF31D-24A1-4ABF-B566-8D2B80FECF70}.Release|Win32.ActiveCfg = Release|Win32
		{168CF31D-24A1-4ABF-B566-8D2B80FECF70}.Release|Win32.Build.0 = Release|Win32
		{61745652-056C-42A7-8EBF-C32F5DB46574}.Debug|Win32.ActiveCfg = Debug|Win32
		{61745652-056C-42A7-8EBF-C32F5DB46574}.Debug|Win32.Build.0 = Debug|Win32
		{61745652-056C-42A7-8EBF-C32F5DB46574}.Release|Win32.ActiveCfg = Release|Win32
		{61745652-056C-42A7-8EBF-C32F5DB46574}.Release|Win32.Build.0 = Release|Win32
		{3EDC23CE-8D1D-4B44-9AE1-D083162BBFED}.Debug|Win32.ActiveCfg = Debug|Win32
		{3EDC23CE-8D1D-4B44-9AE1-D083162BBFED}.Debug|Win32.Build.0 = Debug|Win32
		{3EDC23CE-8D1D-4B44-9AE1-D083162BBFED}.Release|Win32.ActiveCfg = Release|Win32
		{3EDC23CE-8D1D-4B44-9AE1-D083162BBFED}.Release|Win32.Build.0 = Release|Win32
		{3F7BFED1-BA36-4A92-9CB1-406FDF3B2220}.Debug|Win32.ActiveCfg = Debug|Win32
		{3F7BFED1-BA36-4A92-9CB1-406FDF3B2220}.Debug|Win32.Build.0 = Debug|Win32
		{3F7BFED1-BA36-4A92-9CB1-406FDF3B2220}.Release|Win32.ActiveCfg = Release|Win32
		{3F7BFED1-BA36-4A92-9CB1-406FDF3B2220}.Release|Win32.Build.0 = Release|Win32
		{EC17D3DD-AFB9-4E25-829D-7E2EF3205947}.Debug|Win32.ActiveCfg = Debug|Win32
		{EC17D3DD-AFB9-4E25-829D-7E2EF3205947}.Debug|Win32.Build.0 = Debug|Win32
		{EC17D3DD-AFB9-4E25-829D-7E2EF3205947}.Release|Win32.ActiveCfg = Release|Win32
		{EC17D3DD-AFB9-4E25-829D-7E2EF3205947}.Release|Win32.Build.0 = Release|Win32
		{6821055A-A9ED-4AFC-987F-F5BE868C56EF}.Debug|Win32.ActiveCfg = Debug|Win32
		{6821055A-A9ED-4AFC-987F-F5BE868C56EF}.Debug|Win32.Build.0 = Debug|Win32
		{6821055A-A9ED-4AFC-987F-F5BE868C56EF}.Release|Win32.ActiveCfg = Release|Win32
		{6821055A-A9ED-4AFC-987F-F5BE868C56EF}.Release|Win32.Build.0 = Release|Win32
		{D63D7471-FB97-4C42-BC8C-49D6A328677A}.Debug|Win32.ActiveCfg = Debug|Win32
		{D63D7471-FB97-4C42-BC8C-49D6A328677A}.Debug|Win32.Build.0 = Debug|Win32
		{D63D7471-FB97-4C42-BC8C-49D6A328677A}.Release|Win32.ActiveCfg = Release|Win32
		{D63D7471-FB97-4C42-BC8C-49D6A328677A}.Release|Win32.Build.0 = Release|Win32
		{D2339DB7-7F34-40C9-8BA9-FA4129D651DA}.Debug|Win32.ActiveCfg = Debug|Win32
		{D2339DB7-7F34-40C9-8BA9-FA4129D651DA}.Debug|Win32.Build.0 = Debug|Win32
		{D2339DB7-7F34-40C9-8BA9-FA4129D651DA}.Release|Win32.ActiveCfg = Release|Win32
		{D2339DB7-7F34-40C9-8BA9-FA4129D651DA}.Release|Win32.Build.0 = Release|Win32
		{D0377591-A61E-4945-BC3F-356B8408643B}.Debug|Win32.ActiveCfg = Debug|Win32
		{D0377591-A61E-4945-BC3F-356B8408643B}.Debug|Win32.Build.0 = Debug|Win32
		{D0377591-A61E-4945-BC3F-356B8408643B}.Release|Win32.ActiveCfg = Release|Win32
		{D0377591-A61E-4945-BC3F-356B8408643B}.Release|Win32.Build.0 = Release|Win32
	EndGlobalSection
	GlobalSection(SolutionProperties) = preSolution
		HideSolutionNode = FALSE
	EndGlobalSection
EndGlobal
