
Microsoft Visual Studio Solution File, Format Version 11.00
# Visual C++ Express 2010
Project("{8BC9CEB8-8B4A-11D0-8D11-00A0C91BC942}") = "C_RESULT", "C_RESULT\C_RESULT.vcxproj", "{F3FA3FE0-9E02-49BD-8CE2-6C4F476942C6}"
EndProject
Global
	GlobalSection(SolutionConfigurationPlatforms) = preSolution
		Debug|Win32 = Debug|Win32
		Release|Win32 = Release|Win32
	EndGlobalSection
	GlobalSection(ProjectConfigurationPlatforms) = postSolution
		{F3FA3FE0-9E02-49BD-8CE2-6C4F476942C6}.Debug|Win32.ActiveCfg = Debug|Win32
		{F3FA3FE0-9E02-49BD-8CE2-6C4F476942C6}.Debug|Win32.Build.0 = Debug|Win32
		{F3FA3FE0-9E02-49BD-8CE2-6C4F476942C6}.Release|Win32.ActiveCfg = Release|Win32
		{F3FA3FE0-9E02-49BD-8CE2-6C4F476942C6}.Release|Win32.Build.0 = Release|Win32
	EndGlobalSection
	GlobalSection(SolutionProperties) = preSolution
		HideSolutionNode = FALSE
	EndGlobalSection
EndGlobal
