
Microsoft Visual Studio Solution File, Format Version 12.00
# Visual Studio 15
VisualStudioVersion = 15.0.27703.2026
MinimumVisualStudioVersion = 10.0.40219.1
Project("{8BC9CEB8-8B4A-11D0-8D11-00A0C91BC942}") = "YKPainter", "YKPainter\YKPainter.vcxproj", "{F48EFDE0-1EE2-4F9C-8E51-BD65813F83B3}"
EndProject
Global
	GlobalSection(SolutionConfigurationPlatforms) = preSolution
		Debug|Win32 = Debug|Win32
		Release|Win32 = Release|Win32
	EndGlobalSection
	GlobalSection(ProjectConfigurationPlatforms) = postSolution
		{F48EFDE0-1EE2-4F9C-8E51-BD65813F83B3}.Debug|Win32.ActiveCfg = Debug|Win32
		{F48EFDE0-1EE2-4F9C-8E51-BD65813F83B3}.Debug|Win32.Build.0 = Debug|Win32
		{F48EFDE0-1EE2-4F9C-8E51-BD65813F83B3}.Release|Win32.ActiveCfg = Release|Win32
		{F48EFDE0-1EE2-4F9C-8E51-BD65813F83B3}.Release|Win32.Build.0 = Release|Win32
	EndGlobalSection
	GlobalSection(SolutionProperties) = preSolution
		HideSolutionNode = FALSE
	EndGlobalSection
	GlobalSection(ExtensibilityGlobals) = postSolution
		SolutionGuid = {036E19E1-B6DD-4911-B90D-D6BFF54DB44A}
	EndGlobalSection
EndGlobal
