
Microsoft Visual Studio Solution File, Format Version 10.00
# Visual Studio 2008
Project("{8BC9CEB8-8B4A-11D0-8D11-00A0C91BC942}") = "DXUTTest", "DXUTTest\DXUTTest.vcproj", "{BD0B520A-E213-48FB-88A0-F3F0C81A818C}"
EndProject
Global
	GlobalSection(SolutionConfigurationPlatforms) = preSolution
		Debug|Win32 = Debug|Win32
		Release|Win32 = Release|Win32
	EndGlobalSection
	GlobalSection(ProjectConfigurationPlatforms) = postSolution
		{BD0B520A-E213-48FB-88A0-F3F0C81A818C}.Debug|Win32.ActiveCfg = Debug|Win32
		{BD0B520A-E213-48FB-88A0-F3F0C81A818C}.Debug|Win32.Build.0 = Debug|Win32
		{BD0B520A-E213-48FB-88A0-F3F0C81A818C}.Release|Win32.ActiveCfg = Release|Win32
		{BD0B520A-E213-48FB-88A0-F3F0C81A818C}.Release|Win32.Build.0 = Release|Win32
	EndGlobalSection
	GlobalSection(SolutionProperties) = preSolution
		HideSolutionNode = FALSE
	EndGlobalSection
EndGlobal
